# This file is automatically @generated by Cargo.
# It is not intended for manual editing.
version = 4

[[package]]
name = "os-signpost"
version = "0.2.0"

[[patch.unused]]
name = "candle-core"
version = "0.9.2"

[[patch.unused]]
name = "candle-flash-attn"
version = "0.9.2"

[[patch.unused]]
name = "candle-flashinfer"
version = "0.9.2"

[[patch.unused]]
name = "candle-kernels"
version = "0.9.2"

[[patch.unused]]
name = "candle-metal-kernels"
version = "0.9.2"

[[patch.unused]]
name = "candle-nn"
version = "0.9.2"

[[patch.unused]]
name = "candle-transformers"
version = "0.9.2"
